
Microsoft Visual Studio Solution File, Format Version 12.00
# Visual Studio 15
VisualStudioVersion = 15.0.27130.2020
MinimumVisualStudioVersion = 10.0.40219.1
Project("{FAE04EC0-301F-11D3-BF4B-00C04F79EFBC}") = "WebsiteOrYochai", "WebsiteOrYochai\WebsiteOrYochai.csproj", "{D8902662-523A-4FD5-B16E-8A4611061B44}"
EndProject
Global
	GlobalSection(SolutionConfigurationPlatforms) = preSolution
		Debug|Any CPU = Debug|Any CPU
		Release|Any CPU = Release|Any CPU
	EndGlobalSection
	GlobalSection(ProjectConfigurationPlatforms) = postSolution
		{D8902662-523A-4FD5-B16E-8A4611061B44}.Debug|Any CPU.ActiveCfg = Debug|Any CPU
		{D8902662-523A-4FD5-B16E-8A4611061B44}.Debug|Any CPU.Build.0 = Debug|Any CPU
		{D8902662-523A-4FD5-B16E-8A4611061B44}.Release|Any CPU.ActiveCfg = Release|Any CPU
		{D8902662-523A-4FD5-B16E-8A4611061B44}.Release|Any CPU.Build.0 = Release|Any CPU
	EndGlobalSection
	GlobalSection(SolutionProperties) = preSolution
		HideSolutionNode = FALSE
	EndGlobalSection
	GlobalSection(ExtensibilityGlobals) = postSolution
		SolutionGuid = {D7432540-11EF-48ED-93B2-B5E9C3A55207}
	EndGlobalSection
EndGlobal
